// !$*UTF8*$!
{
	archiveVersion = 1;
	classes = {
	};
	objectVersion = 46;
	objects = {

/* Begin PBXBuildFile section */
		E8F18B5F18E5148200E94DC3 /* Foundation.framework in Frameworks */ = {isa = PBXBuildFile; fileRef = E8F18B5E18E5148200E94DC3 /* Foundation.framework */; };
		E8F18B6118E5148200E94DC3 /* CoreGraphics.framework in Frameworks */ = {isa = PBXBuildFile; fileRef = E8F18B6018E5148200E94DC3 /* CoreGraphics.framework */; };
		E8F18B6318E5148200E94DC3 /* UIKit.framework in Frameworks */ = {isa = PBXBuildFile; fileRef = E8F18B6218E5148200E94DC3 /* UIKit.framework */; };
		E8F18B6918E5148200E94DC3 /* InfoPlist.strings in Resources */ = {isa = PBXBuildFile; fileRef = E8F18B6718E5148200E94DC3 /* InfoPlist.strings */; };
		E8F18B6B18E5148300E94DC3 /* main.m in Sources */ = {isa = PBXBuildFile; fileRef = E8F18B6A18E5148300E94DC3 /* main.m */; };
		E8F18B6F18E5148300E94DC3 /* AppDelegate.m in Sources */ = {isa = PBXBuildFile; fileRef = E8F18B6E18E5148300E94DC3 /* AppDelegate.m */; };
		E8F18B7718E5148300E94DC3 /* Images.xcassets in Resources */ = {isa = PBXBuildFile; fileRef = E8F18B7618E5148300E94DC3 /* Images.xcassets */; };
		E8F18B7E18E5148300E94DC3 /* XCTest.framework in Frameworks */ = {isa = PBXBuildFile; fileRef = E8F18B7D18E5148300E94DC3 /* XCTest.framework */; };
		E8F18B7F18E5148300E94DC3 /* Foundation.framework in Frameworks */ = {isa = PBXBuildFile; fileRef = E8F18B5E18E5148200E94DC3 /* Foundation.framework */; };
		E8F18B8018E5148300E94DC3 /* UIKit.framework in Frameworks */ = {isa = PBXBuildFile; fileRef = E8F18B6218E5148200E94DC3 /* UIKit.framework */; };
		E8F18B8818E5148300E94DC3 /* InfoPlist.strings in Resources */ = {isa = PBXBuildFile; fileRef = E8F18B8618E5148300E94DC3 /* InfoPlist.strings */; };
		E8F18B8A18E5148300E94DC3 /* BaseProjectTests.m in Sources */ = {isa = PBXBuildFile; fileRef = E8F18B8918E5148300E94DC3 /* BaseProjectTests.m */; };
		E8F18B9618E514C500E94DC3 /* SuperModel.m in Sources */ = {isa = PBXBuildFile; fileRef = E8F18B9518E514C500E94DC3 /* SuperModel.m */; };
		E8F18BE218E514DD00E94DC3 /* AFHTTPRequestOperation.m in Sources */ = {isa = PBXBuildFile; fileRef = E8F18B9A18E514DD00E94DC3 /* AFHTTPRequestOperation.m */; };
		E8F18BE318E514DD00E94DC3 /* AFHTTPRequestOperationManager.m in Sources */ = {isa = PBXBuildFile; fileRef = E8F18B9C18E514DD00E94DC3 /* AFHTTPRequestOperationManager.m */; };
		E8F18BE418E514DD00E94DC3 /* AFHTTPSessionManager.m in Sources */ = {isa = PBXBuildFile; fileRef = E8F18B9E18E514DD00E94DC3 /* AFHTTPSessionManager.m */; };
		E8F18BE518E514DD00E94DC3 /* AFNetworkReachabilityManager.m in Sources */ = {isa = PBXBuildFile; fileRef = E8F18BA118E514DD00E94DC3 /* AFNetworkReachabilityManager.m */; };
		E8F18BE618E514DD00E94DC3 /* AFSecurityPolicy.m in Sources */ = {isa = PBXBuildFile; fileRef = E8F18BA318E514DD00E94DC3 /* AFSecurityPolicy.m */; };
		E8F18BE718E514DD00E94DC3 /* AFURLConnectionOperation.m in Sources */ = {isa = PBXBuildFile; fileRef = E8F18BA518E514DD00E94DC3 /* AFURLConnectionOperation.m */; };
		E8F18BE818E514DD00E94DC3 /* AFURLRequestSerialization.m in Sources */ = {isa = PBXBuildFile; fileRef = E8F18BA718E514DD00E94DC3 /* AFURLRequestSerialization.m */; };
		E8F18BE918E514DD00E94DC3 /* AFURLResponseSerialization.m in Sources */ = {isa = PBXBuildFile; fileRef = E8F18BA918E514DD00E94DC3 /* AFURLResponseSerialization.m */; };
		E8F18BEA18E514DD00E94DC3 /* AFURLSessionManager.m in Sources */ = {isa = PBXBuildFile; fileRef = E8F18BAB18E514DD00E94DC3 /* AFURLSessionManager.m */; };
		E8F18BEB18E514DD00E94DC3 /* ALModelManager.m in Sources */ = {isa = PBXBuildFile; fileRef = E8F18BAE18E514DD00E94DC3 /* ALModelManager.m */; };
		E8F18BEC18E514DD00E94DC3 /* NSMutableArray+KVONotifications.m in Sources */ = {isa = PBXBuildFile; fileRef = E8F18BB118E514DD00E94DC3 /* NSMutableArray+KVONotifications.m */; };
		E8F18BED18E514DD00E94DC3 /* ALObservationObject.m in Sources */ = {isa = PBXBuildFile; fileRef = E8F18BB518E514DD00E94DC3 /* ALObservationObject.m */; };
		E8F18BEE18E514DD00E94DC3 /* NSObject+ObjectBinding.m in Sources */ = {isa = PBXBuildFile; fileRef = E8F18BB718E514DD00E94DC3 /* NSObject+ObjectBinding.m */; };
		E8F18BEF18E514DD00E94DC3 /* NSObject+ObjectObserver.m in Sources */ = {isa = PBXBuildFile; fileRef = E8F18BB918E514DD00E94DC3 /* NSObject+ObjectObserver.m */; };
		E8F18BF018E514DD00E94DC3 /* NSObject+Observation.m in Sources */ = {isa = PBXBuildFile; fileRef = E8F18BBB18E514DD00E94DC3 /* NSObject+Observation.m */; };
		E8F18BF118E514DD00E94DC3 /* NSObject+Properties.m in Sources */ = {isa = PBXBuildFile; fileRef = E8F18BBE18E514DD00E94DC3 /* NSObject+Properties.m */; };
		E8F18BF218E514DD00E94DC3 /* NSDate+Compare.m in Sources */ = {isa = PBXBuildFile; fileRef = E8F18BC318E514DD00E94DC3 /* NSDate+Compare.m */; };
		E8F18BF318E514DD00E94DC3 /* NSDate+Components.m in Sources */ = {isa = PBXBuildFile; fileRef = E8F18BC618E514DD00E94DC3 /* NSDate+Components.m */; };
		E8F18BF418E514DD00E94DC3 /* NSDate+Date.m in Sources */ = {isa = PBXBuildFile; fileRef = E8F18BC918E514DD00E94DC3 /* NSDate+Date.m */; };
		E8F18BF518E514DD00E94DC3 /* NSDate+Day.m in Sources */ = {isa = PBXBuildFile; fileRef = E8F18BCB18E514DD00E94DC3 /* NSDate+Day.m */; };
		E8F18BF618E514DD00E94DC3 /* NSDate+Month.m in Sources */ = {isa = PBXBuildFile; fileRef = E8F18BCD18E514DD00E94DC3 /* NSDate+Month.m */; };
		E8F18BF718E514DD00E94DC3 /* NSDate+Week.m in Sources */ = {isa = PBXBuildFile; fileRef = E8F18BCF18E514DD00E94DC3 /* NSDate+Week.m */; };
		E8F18BF818E514DD00E94DC3 /* NSDate+Year.m in Sources */ = {isa = PBXBuildFile; fileRef = E8F18BD118E514DD00E94DC3 /* NSDate+Year.m */; };
		E8F18BF918E514DD00E94DC3 /* UIImage+Crop.m in Sources */ = {isa = PBXBuildFile; fileRef = E8F18BD518E514DD00E94DC3 /* UIImage+Crop.m */; };
		E8F18BFA18E514DD00E94DC3 /* UIImage+ImageEffects.m in Sources */ = {isa = PBXBuildFile; fileRef = E8F18BD718E514DD00E94DC3 /* UIImage+ImageEffects.m */; };
		E8F18BFB18E514DD00E94DC3 /* UIImageView+Masking.m in Sources */ = {isa = PBXBuildFile; fileRef = E8F18BDA18E514DD00E94DC3 /* UIImageView+Masking.m */; };
		E8F18BFC18E514DD00E94DC3 /* AFAPIClient.m in Sources */ = {isa = PBXBuildFile; fileRef = E8F18BDE18E514DD00E94DC3 /* AFAPIClient.m */; };
		E8F18BFD18E514DD00E94DC3 /* PureSegue.m in Sources */ = {isa = PBXBuildFile; fileRef = E8F18BE118E514DD00E94DC3 /* PureSegue.m */; };
		E8F18C0218E5153300E94DC3 /* BaseConsts.m in Sources */ = {isa = PBXBuildFile; fileRef = E8F18C0118E5153300E94DC3 /* BaseConsts.m */; };
		E8F18C0418E5157600E94DC3 /* Main.storyboard in Resources */ = {isa = PBXBuildFile; fileRef = E8F18C0318E5157600E94DC3 /* Main.storyboard */; };
		E8F18C0818E5159E00E94DC3 /* BaseViewController.m in Sources */ = {isa = PBXBuildFile; fileRef = E8F18C0718E5159E00E94DC3 /* BaseViewController.m */; };
		E8F18C0D18E5164000E94DC3 /* SideGestureDelegate.m in Sources */ = {isa = PBXBuildFile; fileRef = E8F18C0C18E5164000E94DC3 /* SideGestureDelegate.m */; };
		E8F18C1018E5165000E94DC3 /* SideViewController.m in Sources */ = {isa = PBXBuildFile; fileRef = E8F18C0F18E5165000E94DC3 /* SideViewController.m */; };
		E8F18C2318E5171100E94DC3 /* AFNetworkActivityIndicatorManager.m in Sources */ = {isa = PBXBuildFile; fileRef = E8F18C1318E5171100E94DC3 /* AFNetworkActivityIndicatorManager.m */; };
		E8F18C2418E5171100E94DC3 /* UIActivityIndicatorView+AFNetworking.m in Sources */ = {isa = PBXBuildFile; fileRef = E8F18C1518E5171100E94DC3 /* UIActivityIndicatorView+AFNetworking.m */; };
		E8F18C2518E5171100E94DC3 /* UIAlertView+AFNetworking.m in Sources */ = {isa = PBXBuildFile; fileRef = E8F18C1718E5171100E94DC3 /* UIAlertView+AFNetworking.m */; };
		E8F18C2618E5171100E94DC3 /* UIButton+AFNetworking.m in Sources */ = {isa = PBXBuildFile; fileRef = E8F18C1918E5171100E94DC3 /* UIButton+AFNetworking.m */; };
		E8F18C2718E5171100E94DC3 /* UIImageView+AFNetworking.m in Sources */ = {isa = PBXBuildFile; fileRef = E8F18C1B18E5171100E94DC3 /* UIImageView+AFNetworking.m */; };
		E8F18C2818E5171100E94DC3 /* UIProgressView+AFNetworking.m in Sources */ = {isa = PBXBuildFile; fileRef = E8F18C1E18E5171100E94DC3 /* UIProgressView+AFNetworking.m */; };
		E8F18C2918E5171100E94DC3 /* UIRefreshControl+AFNetworking.m in Sources */ = {isa = PBXBuildFile; fileRef = E8F18C2018E5171100E94DC3 /* UIRefreshControl+AFNetworking.m */; };
		E8F18C2A18E5171100E94DC3 /* UIWebView+AFNetworking.m in Sources */ = {isa = PBXBuildFile; fileRef = E8F18C2218E5171100E94DC3 /* UIWebView+AFNetworking.m */; };
/* End PBXBuildFile section */

/* Begin PBXContainerItemProxy section */
		E8F18B8118E5148300E94DC3 /* PBXContainerItemProxy */ = {
			isa = PBXContainerItemProxy;
			containerPortal = E8F18B5318E5148200E94DC3 /* Project object */;
			proxyType = 1;
			remoteGlobalIDString = E8F18B5A18E5148200E94DC3;
			remoteInfo = BaseProject;
		};
/* End PBXContainerItemProxy section */

/* Begin PBXFileReference section */
		E8F18B5B18E5148200E94DC3 /* BaseProject.app */ = {isa = PBXFileReference; explicitFileType = wrapper.application; includeInIndex = 0; path = BaseProject.app; sourceTree = BUILT_PRODUCTS_DIR; };
		E8F18B5E18E5148200E94DC3 /* Foundation.framework */ = {isa = PBXFileReference; lastKnownFileType = wrapper.framework; name = Foundation.framework; path = System/Library/Frameworks/Foundation.framework; sourceTree = SDKROOT; };
		E8F18B6018E5148200E94DC3 /* CoreGraphics.framework */ = {isa = PBXFileReference; lastKnownFileType = wrapper.framework; name = CoreGraphics.framework; path = System/Library/Frameworks/CoreGraphics.framework; sourceTree = SDKROOT; };
		E8F18B6218E5148200E94DC3 /* UIKit.framework */ = {isa = PBXFileReference; lastKnownFileType = wrapper.framework; name = UIKit.framework; path = System/Library/Frameworks/UIKit.framework; sourceTree = SDKROOT; };
		E8F18B6618E5148200E94DC3 /* BaseProject-Info.plist */ = {isa = PBXFileReference; lastKnownFileType = text.plist.xml; path = "BaseProject-Info.plist"; sourceTree = "<group>"; };
		E8F18B6818E5148200E94DC3 /* en */ = {isa = PBXFileReference; lastKnownFileType = text.plist.strings; name = en; path = en.lproj/InfoPlist.strings; sourceTree = "<group>"; };
		E8F18B6A18E5148300E94DC3 /* main.m */ = {isa = PBXFileReference; lastKnownFileType = sourcecode.c.objc; path = main.m; sourceTree = "<group>"; };
		E8F18B6C18E5148300E94DC3 /* BaseProject-Prefix.pch */ = {isa = PBXFileReference; lastKnownFileType = sourcecode.c.h; path = "BaseProject-Prefix.pch"; sourceTree = "<group>"; };
		E8F18B6D18E5148300E94DC3 /* AppDelegate.h */ = {isa = PBXFileReference; lastKnownFileType = sourcecode.c.h; path = AppDelegate.h; sourceTree = "<group>"; };
		E8F18B6E18E5148300E94DC3 /* AppDelegate.m */ = {isa = PBXFileReference; lastKnownFileType = sourcecode.c.objc; path = AppDelegate.m; sourceTree = "<group>"; };
		E8F18B7618E5148300E94DC3 /* Images.xcassets */ = {isa = PBXFileReference; lastKnownFileType = folder.assetcatalog; path = Images.xcassets; sourceTree = "<group>"; };
		E8F18B7C18E5148300E94DC3 /* BaseProjectTests.xctest */ = {isa = PBXFileReference; explicitFileType = wrapper.cfbundle; includeInIndex = 0; path = BaseProjectTests.xctest; sourceTree = BUILT_PRODUCTS_DIR; };
		E8F18B7D18E5148300E94DC3 /* XCTest.framework */ = {isa = PBXFileReference; lastKnownFileType = wrapper.framework; name = XCTest.framework; path = Library/Frameworks/XCTest.framework; sourceTree = DEVELOPER_DIR; };
		E8F18B8518E5148300E94DC3 /* BaseProjectTests-Info.plist */ = {isa = PBXFileReference; lastKnownFileType = text.plist.xml; path = "BaseProjectTests-Info.plist"; sourceTree = "<group>"; };
		E8F18B8718E5148300E94DC3 /* en */ = {isa = PBXFileReference; lastKnownFileType = text.plist.strings; name = en; path = en.lproj/InfoPlist.strings; sourceTree = "<group>"; };
		E8F18B8918E5148300E94DC3 /* BaseProjectTests.m */ = {isa = PBXFileReference; lastKnownFileType = sourcecode.c.objc; path = BaseProjectTests.m; sourceTree = "<group>"; };
		E8F18B9418E514C500E94DC3 /* SuperModel.h */ = {isa = PBXFileReference; fileEncoding = 4; lastKnownFileType = sourcecode.c.h; path = SuperModel.h; sourceTree = "<group>"; };
		E8F18B9518E514C500E94DC3 /* SuperModel.m */ = {isa = PBXFileReference; fileEncoding = 4; lastKnownFileType = sourcecode.c.objc; path = SuperModel.m; sourceTree = "<group>"; };
		E8F18B9918E514DD00E94DC3 /* AFHTTPRequestOperation.h */ = {isa = PBXFileReference; fileEncoding = 4; lastKnownFileType = sourcecode.c.h; path = AFHTTPRequestOperation.h; sourceTree = "<group>"; };
		E8F18B9A18E514DD00E94DC3 /* AFHTTPRequestOperation.m */ = {isa = PBXFileReference; fileEncoding = 4; lastKnownFileType = sourcecode.c.objc; path = AFHTTPRequestOperation.m; sourceTree = "<group>"; };
		E8F18B9B18E514DD00E94DC3 /* AFHTTPRequestOperationManager.h */ = {isa = PBXFileReference; fileEncoding = 4; lastKnownFileType = sourcecode.c.h; path = AFHTTPRequestOperationManager.h; sourceTree = "<group>"; };
		E8F18B9C18E514DD00E94DC3 /* AFHTTPRequestOperationManager.m */ = {isa = PBXFileReference; fileEncoding = 4; lastKnownFileType = sourcecode.c.objc; path = AFHTTPRequestOperationManager.m; sourceTree = "<group>"; };
		E8F18B9D18E514DD00E94DC3 /* AFHTTPSessionManager.h */ = {isa = PBXFileReference; fileEncoding = 4; lastKnownFileType = sourcecode.c.h; path = AFHTTPSessionManager.h; sourceTree = "<group>"; };
		E8F18B9E18E514DD00E94DC3 /* AFHTTPSessionManager.m */ = {isa = PBXFileReference; fileEncoding = 4; lastKnownFileType = sourcecode.c.objc; path = AFHTTPSessionManager.m; sourceTree = "<group>"; };
		E8F18B9F18E514DD00E94DC3 /* AFNetworking.h */ = {isa = PBXFileReference; fileEncoding = 4; lastKnownFileType = sourcecode.c.h; path = AFNetworking.h; sourceTree = "<group>"; };
		E8F18BA018E514DD00E94DC3 /* AFNetworkReachabilityManager.h */ = {isa = PBXFileReference; fileEncoding = 4; lastKnownFileType = sourcecode.c.h; path = AFNetworkReachabilityManager.h; sourceTree = "<group>"; };
		E8F18BA118E514DD00E94DC3 /* AFNetworkReachabilityManager.m */ = {isa = PBXFileReference; fileEncoding = 4; lastKnownFileType = sourcecode.c.objc; path = AFNetworkReachabilityManager.m; sourceTree = "<group>"; };
		E8F18BA218E514DD00E94DC3 /* AFSecurityPolicy.h */ = {isa = PBXFileReference; fileEncoding = 4; lastKnownFileType = sourcecode.c.h; path = AFSecurityPolicy.h; sourceTree = "<group>"; };
		E8F18BA318E514DD00E94DC3 /* AFSecurityPolicy.m */ = {isa = PBXFileReference; fileEncoding = 4; lastKnownFileType = sourcecode.c.objc; path = AFSecurityPolicy.m; sourceTree = "<group>"; };
		E8F18BA418E514DD00E94DC3 /* AFURLConnectionOperation.h */ = {isa = PBXFileReference; fileEncoding = 4; lastKnownFileType = sourcecode.c.h; path = AFURLConnectionOperation.h; sourceTree = "<group>"; };
		E8F18BA518E514DD00E94DC3 /* AFURLConnectionOperation.m */ = {isa = PBXFileReference; fileEncoding = 4; lastKnownFileType = sourcecode.c.objc; path = AFURLConnectionOperation.m; sourceTree = "<group>"; };
		E8F18BA618E514DD00E94DC3 /* AFURLRequestSerialization.h */ = {isa = PBXFileReference; fileEncoding = 4; lastKnownFileType = sourcecode.c.h; path = AFURLRequestSerialization.h; sourceTree = "<group>"; };
		E8F18BA718E514DD00E94DC3 /* AFURLRequestSerialization.m */ = {isa = PBXFileReference; fileEncoding = 4; lastKnownFileType = sourcecode.c.objc; path = AFURLRequestSerialization.m; sourceTree = "<group>"; };
		E8F18BA818E514DD00E94DC3 /* AFURLResponseSerialization.h */ = {isa = PBXFileReference; fileEncoding = 4; lastKnownFileType = sourcecode.c.h; path = AFURLResponseSerialization.h; sourceTree = "<group>"; };
		E8F18BA918E514DD00E94DC3 /* AFURLResponseSerialization.m */ = {isa = PBXFileReference; fileEncoding = 4; lastKnownFileType = sourcecode.c.objc; path = AFURLResponseSerialization.m; sourceTree = "<group>"; };
		E8F18BAA18E514DD00E94DC3 /* AFURLSessionManager.h */ = {isa = PBXFileReference; fileEncoding = 4; lastKnownFileType = sourcecode.c.h; path = AFURLSessionManager.h; sourceTree = "<group>"; };
		E8F18BAB18E514DD00E94DC3 /* AFURLSessionManager.m */ = {isa = PBXFileReference; fileEncoding = 4; lastKnownFileType = sourcecode.c.objc; path = AFURLSessionManager.m; sourceTree = "<group>"; };
		E8F18BAD18E514DD00E94DC3 /* ALModelManager.h */ = {isa = PBXFileReference; fileEncoding = 4; lastKnownFileType = sourcecode.c.h; path = ALModelManager.h; sourceTree = "<group>"; };
		E8F18BAE18E514DD00E94DC3 /* ALModelManager.m */ = {isa = PBXFileReference; fileEncoding = 4; lastKnownFileType = sourcecode.c.objc; path = ALModelManager.m; sourceTree = "<group>"; };
		E8F18BB018E514DD00E94DC3 /* NSMutableArray+KVONotifications.h */ = {isa = PBXFileReference; fileEncoding = 4; lastKnownFileType = sourcecode.c.h; path = "NSMutableArray+KVONotifications.h"; sourceTree = "<group>"; };
		E8F18BB118E514DD00E94DC3 /* NSMutableArray+KVONotifications.m */ = {isa = PBXFileReference; fileEncoding = 4; lastKnownFileType = sourcecode.c.objc; path = "NSMutableArray+KVONotifications.m"; sourceTree = "<group>"; };
		E8F18BB318E514DD00E94DC3 /* ALObservation.h */ = {isa = PBXFileReference; fileEncoding = 4; lastKnownFileType = sourcecode.c.h; path = ALObservation.h; sourceTree = "<group>"; };
		E8F18BB418E514DD00E94DC3 /* ALObservationObject.h */ = {isa = PBXFileReference; fileEncoding = 4; lastKnownFileType = sourcecode.c.h; path = ALObservationObject.h; sourceTree = "<group>"; };
		E8F18BB518E514DD00E94DC3 /* ALObservationObject.m */ = {isa = PBXFileReference; fileEncoding = 4; lastKnownFileType = sourcecode.c.objc; path = ALObservationObject.m; sourceTree = "<group>"; };
		E8F18BB618E514DD00E94DC3 /* NSObject+ObjectBinding.h */ = {isa = PBXFileReference; fileEncoding = 4; lastKnownFileType = sourcecode.c.h; path = "NSObject+ObjectBinding.h"; sourceTree = "<group>"; };
		E8F18BB718E514DD00E94DC3 /* NSObject+ObjectBinding.m */ = {isa = PBXFileReference; fileEncoding = 4; lastKnownFileType = sourcecode.c.objc; path = "NSObject+ObjectBinding.m"; sourceTree = "<group>"; };
		E8F18BB818E514DD00E94DC3 /* NSObject+ObjectObserver.h */ = {isa = PBXFileReference; fileEncoding = 4; lastKnownFileType = sourcecode.c.h; path = "NSObject+ObjectObserver.h"; sourceTree = "<group>"; };
		E8F18BB918E514DD00E94DC3 /* NSObject+ObjectObserver.m */ = {isa = PBXFileReference; fileEncoding = 4; lastKnownFileType = sourcecode.c.objc; path = "NSObject+ObjectObserver.m"; sourceTree = "<group>"; };
		E8F18BBA18E514DD00E94DC3 /* NSObject+Observation.h */ = {isa = PBXFileReference; fileEncoding = 4; lastKnownFileType = sourcecode.c.h; path = "NSObject+Observation.h"; sourceTree = "<group>"; };
		E8F18BBB18E514DD00E94DC3 /* NSObject+Observation.m */ = {isa = PBXFileReference; fileEncoding = 4; lastKnownFileType = sourcecode.c.objc; path = "NSObject+Observation.m"; sourceTree = "<group>"; };
		E8F18BBD18E514DD00E94DC3 /* NSObject+Properties.h */ = {isa = PBXFileReference; fileEncoding = 4; lastKnownFileType = sourcecode.c.h; path = "NSObject+Properties.h"; sourceTree = "<group>"; };
		E8F18BBE18E514DD00E94DC3 /* NSObject+Properties.m */ = {isa = PBXFileReference; fileEncoding = 4; lastKnownFileType = sourcecode.c.objc; path = "NSObject+Properties.m"; sourceTree = "<group>"; };
		E8F18BC218E514DD00E94DC3 /* NSDate+Compare.h */ = {isa = PBXFileReference; fileEncoding = 4; lastKnownFileType = sourcecode.c.h; path = "NSDate+Compare.h"; sourceTree = "<group>"; };
		E8F18BC318E514DD00E94DC3 /* NSDate+Compare.m */ = {isa = PBXFileReference; fileEncoding = 4; lastKnownFileType = sourcecode.c.objc; path = "NSDate+Compare.m"; sourceTree = "<group>"; };
		E8F18BC518E514DD00E94DC3 /* NSDate+Components.h */ = {isa = PBXFileReference; fileEncoding = 4; lastKnownFileType = sourcecode.c.h; path = "NSDate+Components.h"; sourceTree = "<group>"; };
		E8F18BC618E514DD00E94DC3 /* NSDate+Components.m */ = {isa = PBXFileReference; fileEncoding = 4; lastKnownFileType = sourcecode.c.objc; path = "NSDate+Components.m"; sourceTree = "<group>"; };
		E8F18BC818E514DD00E94DC3 /* NSDate+Date.h */ = {isa = PBXFileReference; fileEncoding = 4; lastKnownFileType = sourcecode.c.h; path = "NSDate+Date.h"; sourceTree = "<group>"; };
		E8F18BC918E514DD00E94DC3 /* NSDate+Date.m */ = {isa = PBXFileReference; fileEncoding = 4; lastKnownFileType = sourcecode.c.objc; path = "NSDate+Date.m"; sourceTree = "<group>"; };
		E8F18BCA18E514DD00E94DC3 /* NSDate+Day.h */ = {isa = PBXFileReference; fileEncoding = 4; lastKnownFileType = sourcecode.c.h; path = "NSDate+Day.h"; sourceTree = "<group>"; };
		E8F18BCB18E514DD00E94DC3 /* NSDate+Day.m */ = {isa = PBXFileReference; fileEncoding = 4; lastKnownFileType = sourcecode.c.objc; path = "NSDate+Day.m"; sourceTree = "<group>"; };
		E8F18BCC18E514DD00E94DC3 /* NSDate+Month.h */ = {isa = PBXFileReference; fileEncoding = 4; lastKnownFileType = sourcecode.c.h; path = "NSDate+Month.h"; sourceTree = "<group>"; };
		E8F18BCD18E514DD00E94DC3 /* NSDate+Month.m */ = {isa = PBXFileReference; fileEncoding = 4; lastKnownFileType = sourcecode.c.objc; path = "NSDate+Month.m"; sourceTree = "<group>"; };
		E8F18BCE18E514DD00E94DC3 /* NSDate+Week.h */ = {isa = PBXFileReference; fileEncoding = 4; lastKnownFileType = sourcecode.c.h; path = "NSDate+Week.h"; sourceTree = "<group>"; };
		E8F18BCF18E514DD00E94DC3 /* NSDate+Week.m */ = {isa = PBXFileReference; fileEncoding = 4; lastKnownFileType = sourcecode.c.objc; path = "NSDate+Week.m"; sourceTree = "<group>"; };
		E8F18BD018E514DD00E94DC3 /* NSDate+Year.h */ = {isa = PBXFileReference; fileEncoding = 4; lastKnownFileType = sourcecode.c.h; path = "NSDate+Year.h"; sourceTree = "<group>"; };
		E8F18BD118E514DD00E94DC3 /* NSDate+Year.m */ = {isa = PBXFileReference; fileEncoding = 4; lastKnownFileType = sourcecode.c.objc; path = "NSDate+Year.m"; sourceTree = "<group>"; };
		E8F18BD218E514DD00E94DC3 /* NSDateHelper.h */ = {isa = PBXFileReference; fileEncoding = 4; lastKnownFileType = sourcecode.c.h; path = NSDateHelper.h; sourceTree = "<group>"; };
		E8F18BD418E514DD00E94DC3 /* UIImage+Crop.h */ = {isa = PBXFileReference; fileEncoding = 4; lastKnownFileType = sourcecode.c.h; path = "UIImage+Crop.h"; sourceTree = "<group>"; };
		E8F18BD518E514DD00E94DC3 /* UIImage+Crop.m */ = {isa = PBXFileReference; fileEncoding = 4; lastKnownFileType = sourcecode.c.objc; path = "UIImage+Crop.m"; sourceTree = "<group>"; };
		E8F18BD618E514DD00E94DC3 /* UIImage+ImageEffects.h */ = {isa = PBXFileReference; fileEncoding = 4; lastKnownFileType = sourcecode.c.h; path = "UIImage+ImageEffects.h"; sourceTree = "<group>"; };
		E8F18BD718E514DD00E94DC3 /* UIImage+ImageEffects.m */ = {isa = PBXFileReference; fileEncoding = 4; lastKnownFileType = sourcecode.c.objc; path = "UIImage+ImageEffects.m"; sourceTree = "<group>"; };
		E8F18BD918E514DD00E94DC3 /* UIImageView+Masking.h */ = {isa = PBXFileReference; fileEncoding = 4; lastKnownFileType = sourcecode.c.h; path = "UIImageView+Masking.h"; sourceTree = "<group>"; };
		E8F18BDA18E514DD00E94DC3 /* UIImageView+Masking.m */ = {isa = PBXFileReference; fileEncoding = 4; lastKnownFileType = sourcecode.c.objc; path = "UIImageView+Masking.m"; sourceTree = "<group>"; };
		E8F18BDD18E514DD00E94DC3 /* AFAPIClient.h */ = {isa = PBXFileReference; fileEncoding = 4; lastKnownFileType = sourcecode.c.h; path = AFAPIClient.h; sourceTree = "<group>"; };
		E8F18BDE18E514DD00E94DC3 /* AFAPIClient.m */ = {isa = PBXFileReference; fileEncoding = 4; lastKnownFileType = sourcecode.c.objc; path = AFAPIClient.m; sourceTree = "<group>"; };
		E8F18BE018E514DD00E94DC3 /* PureSegue.h */ = {isa = PBXFileReference; fileEncoding = 4; lastKnownFileType = sourcecode.c.h; path = PureSegue.h; sourceTree = "<group>"; };
		E8F18BE118E514DD00E94DC3 /* PureSegue.m */ = {isa = PBXFileReference; fileEncoding = 4; lastKnownFileType = sourcecode.c.objc; path = PureSegue.m; sourceTree = "<group>"; };
		E8F18C0018E5153300E94DC3 /* BaseConsts.h */ = {isa = PBXFileReference; fileEncoding = 4; lastKnownFileType = sourcecode.c.h; path = BaseConsts.h; sourceTree = "<group>"; };
		E8F18C0118E5153300E94DC3 /* BaseConsts.m */ = {isa = PBXFileReference; fileEncoding = 4; lastKnownFileType = sourcecode.c.objc; path = BaseConsts.m; sourceTree = "<group>"; };
		E8F18C0318E5157600E94DC3 /* Main.storyboard */ = {isa = PBXFileReference; fileEncoding = 4; lastKnownFileType = file.storyboard; path = Main.storyboard; sourceTree = "<group>"; };
		E8F18C0618E5159E00E94DC3 /* BaseViewController.h */ = {isa = PBXFileReference; fileEncoding = 4; lastKnownFileType = sourcecode.c.h; path = BaseViewController.h; sourceTree = "<group>"; };
		E8F18C0718E5159E00E94DC3 /* BaseViewController.m */ = {isa = PBXFileReference; fileEncoding = 4; lastKnownFileType = sourcecode.c.objc; path = BaseViewController.m; sourceTree = "<group>"; };
		E8F18C0B18E5164000E94DC3 /* SideGestureDelegate.h */ = {isa = PBXFileReference; fileEncoding = 4; lastKnownFileType = sourcecode.c.h; path = SideGestureDelegate.h; sourceTree = "<group>"; };
		E8F18C0C18E5164000E94DC3 /* SideGestureDelegate.m */ = {isa = PBXFileReference; fileEncoding = 4; lastKnownFileType = sourcecode.c.objc; path = SideGestureDelegate.m; sourceTree = "<group>"; };
		E8F18C0E18E5165000E94DC3 /* SideViewController.h */ = {isa = PBXFileReference; fileEncoding = 4; lastKnownFileType = sourcecode.c.h; path = SideViewController.h; sourceTree = "<group>"; };
		E8F18C0F18E5165000E94DC3 /* SideViewController.m */ = {isa = PBXFileReference; fileEncoding = 4; lastKnownFileType = sourcecode.c.objc; path = SideViewController.m; sourceTree = "<group>"; };
		E8F18C1218E5171100E94DC3 /* AFNetworkActivityIndicatorManager.h */ = {isa = PBXFileReference; fileEncoding = 4; lastKnownFileType = sourcecode.c.h; path = AFNetworkActivityIndicatorManager.h; sourceTree = "<group>"; };
		E8F18C1318E5171100E94DC3 /* AFNetworkActivityIndicatorManager.m */ = {isa = PBXFileReference; fileEncoding = 4; lastKnownFileType = sourcecode.c.objc; path = AFNetworkActivityIndicatorManager.m; sourceTree = "<group>"; };
		E8F18C1418E5171100E94DC3 /* UIActivityIndicatorView+AFNetworking.h */ = {isa = PBXFileReference; fileEncoding = 4; lastKnownFileType = sourcecode.c.h; path = "UIActivityIndicatorView+AFNetworking.h"; sourceTree = "<group>"; };
		E8F18C1518E5171100E94DC3 /* UIActivityIndicatorView+AFNetworking.m */ = {isa = PBXFileReference; fileEncoding = 4; lastKnownFileType = sourcecode.c.objc; path = "UIActivityIndicatorView+AFNetworking.m"; sourceTree = "<group>"; };
		E8F18C1618E5171100E94DC3 /* UIAlertView+AFNetworking.h */ = {isa = PBXFileReference; fileEncoding = 4; lastKnownFileType = sourcecode.c.h; path = "UIAlertView+AFNetworking.h"; sourceTree = "<group>"; };
		E8F18C1718E5171100E94DC3 /* UIAlertView+AFNetworking.m */ = {isa = PBXFileReference; fileEncoding = 4; lastKnownFileType = sourcecode.c.objc; path = "UIAlertView+AFNetworking.m"; sourceTree = "<group>"; };
		E8F18C1818E5171100E94DC3 /* UIButton+AFNetworking.h */ = {isa = PBXFileReference; fileEncoding = 4; lastKnownFileType = sourcecode.c.h; path = "UIButton+AFNetworking.h"; sourceTree = "<group>"; };
		E8F18C1918E5171100E94DC3 /* UIButton+AFNetworking.m */ = {isa = PBXFileReference; fileEncoding = 4; lastKnownFileType = sourcecode.c.objc; path = "UIButton+AFNetworking.m"; sourceTree = "<group>"; };
		E8F18C1A18E5171100E94DC3 /* UIImageView+AFNetworking.h */ = {isa = PBXFileReference; fileEncoding = 4; lastKnownFileType = sourcecode.c.h; path = "UIImageView+AFNetworking.h"; sourceTree = "<group>"; };
		E8F18C1B18E5171100E94DC3 /* UIImageView+AFNetworking.m */ = {isa = PBXFileReference; fileEncoding = 4; lastKnownFileType = sourcecode.c.objc; path = "UIImageView+AFNetworking.m"; sourceTree = "<group>"; };
		E8F18C1C18E5171100E94DC3 /* UIKit+AFNetworking.h */ = {isa = PBXFileReference; fileEncoding = 4; lastKnownFileType = sourcecode.c.h; path = "UIKit+AFNetworking.h"; sourceTree = "<group>"; };
		E8F18C1D18E5171100E94DC3 /* UIProgressView+AFNetworking.h */ = {isa = PBXFileReference; fileEncoding = 4; lastKnownFileType = sourcecode.c.h; path = "UIProgressView+AFNetworking.h"; sourceTree = "<group>"; };
		E8F18C1E18E5171100E94DC3 /* UIProgressView+AFNetworking.m */ = {isa = PBXFileReference; fileEncoding = 4; lastKnownFileType = sourcecode.c.objc; path = "UIProgressView+AFNetworking.m"; sourceTree = "<group>"; };
		E8F18C1F18E5171100E94DC3 /* UIRefreshControl+AFNetworking.h */ = {isa = PBXFileReference; fileEncoding = 4; lastKnownFileType = sourcecode.c.h; path = "UIRefreshControl+AFNetworking.h"; sourceTree = "<group>"; };
		E8F18C2018E5171100E94DC3 /* UIRefreshControl+AFNetworking.m */ = {isa = PBXFileReference; fileEncoding = 4; lastKnownFileType = sourcecode.c.objc; path = "UIRefreshControl+AFNetworking.m"; sourceTree = "<group>"; };
		E8F18C2118E5171100E94DC3 /* UIWebView+AFNetworking.h */ = {isa = PBXFileReference; fileEncoding = 4; lastKnownFileType = sourcecode.c.h; path = "UIWebView+AFNetworking.h"; sourceTree = "<group>"; };
		E8F18C2218E5171100E94DC3 /* UIWebView+AFNetworking.m */ = {isa = PBXFileReference; fileEncoding = 4; lastKnownFileType = sourcecode.c.objc; path = "UIWebView+AFNetworking.m"; sourceTree = "<group>"; };
/* End PBXFileReference section */

/* Begin PBXFrameworksBuildPhase section */
		E8F18B5818E5148200E94DC3 /* Frameworks */ = {
			isa = PBXFrameworksBuildPhase;
			buildActionMask = 2147483647;
			files = (
				E8F18B6118E5148200E94DC3 /* CoreGraphics.framework in Frameworks */,
				E8F18B6318E5148200E94DC3 /* UIKit.framework in Frameworks */,
				E8F18B5F18E5148200E94DC3 /* Foundation.framework in Frameworks */,
			);
			runOnlyForDeploymentPostprocessing = 0;
		};
		E8F18B7918E5148300E94DC3 /* Frameworks */ = {
			isa = PBXFrameworksBuildPhase;
			buildActionMask = 2147483647;
			files = (
				E8F18B7E18E5148300E94DC3 /* XCTest.framework in Frameworks */,
				E8F18B8018E5148300E94DC3 /* UIKit.framework in Frameworks */,
				E8F18B7F18E5148300E94DC3 /* Foundation.framework in Frameworks */,
			);
			runOnlyForDeploymentPostprocessing = 0;
		};
/* End PBXFrameworksBuildPhase section */

/* Begin PBXGroup section */
		E8F18B5218E5148200E94DC3 = {
			isa = PBXGroup;
			children = (
				E8F18B6418E5148200E94DC3 /* BaseProject */,
				E8F18B8318E5148300E94DC3 /* BaseProjectTests */,
				E8F18B5D18E5148200E94DC3 /* Frameworks */,
				E8F18B5C18E5148200E94DC3 /* Products */,
			);
			sourceTree = "<group>";
		};
		E8F18B5C18E5148200E94DC3 /* Products */ = {
			isa = PBXGroup;
			children = (
				E8F18B5B18E5148200E94DC3 /* BaseProject.app */,
				E8F18B7C18E5148300E94DC3 /* BaseProjectTests.xctest */,
			);
			name = Products;
			sourceTree = "<group>";
		};
		E8F18B5D18E5148200E94DC3 /* Frameworks */ = {
			isa = PBXGroup;
			children = (
				E8F18B5E18E5148200E94DC3 /* Foundation.framework */,
				E8F18B6018E5148200E94DC3 /* CoreGraphics.framework */,
				E8F18B6218E5148200E94DC3 /* UIKit.framework */,
				E8F18B7D18E5148300E94DC3 /* XCTest.framework */,
			);
			name = Frameworks;
			sourceTree = "<group>";
		};
		E8F18B6418E5148200E94DC3 /* BaseProject */ = {
			isa = PBXGroup;
			children = (
				E8F18C0518E5158900E94DC3 /* Controller */,
				E8F18BFE18E5150800E94DC3 /* Const */,
				E8F18BFF18E5150800E94DC3 /* Storyboard */,
				E8F18B9718E514DD00E94DC3 /* Framework */,
				E8F18B9318E514C500E94DC3 /* Model */,
				E8F18B6D18E5148300E94DC3 /* AppDelegate.h */,
				E8F18B6E18E5148300E94DC3 /* AppDelegate.m */,
				E8F18B7618E5148300E94DC3 /* Images.xcassets */,
				E8F18B6518E5148200E94DC3 /* Supporting Files */,
			);
			path = BaseProject;
			sourceTree = "<group>";
		};
		E8F18B6518E5148200E94DC3 /* Supporting Files */ = {
			isa = PBXGroup;
			children = (
				E8F18B6618E5148200E94DC3 /* BaseProject-Info.plist */,
				E8F18B6718E5148200E94DC3 /* InfoPlist.strings */,
				E8F18B6A18E5148300E94DC3 /* main.m */,
				E8F18B6C18E5148300E94DC3 /* BaseProject-Prefix.pch */,
			);
			name = "Supporting Files";
			sourceTree = "<group>";
		};
		E8F18B8318E5148300E94DC3 /* BaseProjectTests */ = {
			isa = PBXGroup;
			children = (
				E8F18B8918E5148300E94DC3 /* BaseProjectTests.m */,
				E8F18B8418E5148300E94DC3 /* Supporting Files */,
			);
			path = BaseProjectTests;
			sourceTree = "<group>";
		};
		E8F18B8418E5148300E94DC3 /* Supporting Files */ = {
			isa = PBXGroup;
			children = (
				E8F18B8518E5148300E94DC3 /* BaseProjectTests-Info.plist */,
				E8F18B8618E5148300E94DC3 /* InfoPlist.strings */,
			);
			name = "Supporting Files";
			sourceTree = "<group>";
		};
		E8F18B9318E514C500E94DC3 /* Model */ = {
			isa = PBXGroup;
			children = (
				E8F18B9418E514C500E94DC3 /* SuperModel.h */,
				E8F18B9518E514C500E94DC3 /* SuperModel.m */,
			);
			path = Model;
			sourceTree = "<group>";
		};
		E8F18B9718E514DD00E94DC3 /* Framework */ = {
			isa = PBXGroup;
			children = (
				E8F18C1118E5171100E94DC3 /* UIKit+AFNetworking */,
				E8F18B9818E514DD00E94DC3 /* AFNetworking */,
				E8F18BAC18E514DD00E94DC3 /* ALModelManager */,
				E8F18BBF18E514DD00E94DC3 /* Categories */,
				E8F18BDB18E514DD00E94DC3 /* Convenience */,
			);
			path = Framework;
			sourceTree = "<group>";
		};
		E8F18B9818E514DD00E94DC3 /* AFNetworking */ = {
			isa = PBXGroup;
			children = (
				E8F18B9918E514DD00E94DC3 /* AFHTTPRequestOperation.h */,
				E8F18B9A18E514DD00E94DC3 /* AFHTTPRequestOperation.m */,
				E8F18B9B18E514DD00E94DC3 /* AFHTTPRequestOperationManager.h */,
				E8F18B9C18E514DD00E94DC3 /* AFHTTPRequestOperationManager.m */,
				E8F18B9D18E514DD00E94DC3 /* AFHTTPSessionManager.h */,
				E8F18B9E18E514DD00E94DC3 /* AFHTTPSessionManager.m */,
				E8F18B9F18E514DD00E94DC3 /* AFNetworking.h */,
				E8F18BA018E514DD00E94DC3 /* AFNetworkReachabilityManager.h */,
				E8F18BA118E514DD00E94DC3 /* AFNetworkReachabilityManager.m */,
				E8F18BA218E514DD00E94DC3 /* AFSecurityPolicy.h */,
				E8F18BA318E514DD00E94DC3 /* AFSecurityPolicy.m */,
				E8F18BA418E514DD00E94DC3 /* AFURLConnectionOperation.h */,
				E8F18BA518E514DD00E94DC3 /* AFURLConnectionOperation.m */,
				E8F18BA618E514DD00E94DC3 /* AFURLRequestSerialization.h */,
				E8F18BA718E514DD00E94DC3 /* AFURLRequestSerialization.m */,
				E8F18BA818E514DD00E94DC3 /* AFURLResponseSerialization.h */,
				E8F18BA918E514DD00E94DC3 /* AFURLResponseSerialization.m */,
				E8F18BAA18E514DD00E94DC3 /* AFURLSessionManager.h */,
				E8F18BAB18E514DD00E94DC3 /* AFURLSessionManager.m */,
			);
			path = AFNetworking;
			sourceTree = "<group>";
		};
		E8F18BAC18E514DD00E94DC3 /* ALModelManager */ = {
			isa = PBXGroup;
			children = (
				E8F18BAD18E514DD00E94DC3 /* ALModelManager.h */,
				E8F18BAE18E514DD00E94DC3 /* ALModelManager.m */,
				E8F18BAF18E514DD00E94DC3 /* ALMutableArray */,
				E8F18BB218E514DD00E94DC3 /* ALObserversAndBinders */,
				E8F18BBC18E514DD00E94DC3 /* ALProperties */,
			);
			path = ALModelManager;
			sourceTree = "<group>";
		};
		E8F18BAF18E514DD00E94DC3 /* ALMutableArray */ = {
			isa = PBXGroup;
			children = (
				E8F18BB018E514DD00E94DC3 /* NSMutableArray+KVONotifications.h */,
				E8F18BB118E514DD00E94DC3 /* NSMutableArray+KVONotifications.m */,
			);
			path = ALMutableArray;
			sourceTree = "<group>";
		};
		E8F18BB218E514DD00E94DC3 /* ALObserversAndBinders */ = {
			isa = PBXGroup;
			children = (
				E8F18BB318E514DD00E94DC3 /* ALObservation.h */,
				E8F18BB418E514DD00E94DC3 /* ALObservationObject.h */,
				E8F18BB518E514DD00E94DC3 /* ALObservationObject.m */,
				E8F18BB618E514DD00E94DC3 /* NSObject+ObjectBinding.h */,
				E8F18BB718E514DD00E94DC3 /* NSObject+ObjectBinding.m */,
				E8F18BB818E514DD00E94DC3 /* NSObject+ObjectObserver.h */,
				E8F18BB918E514DD00E94DC3 /* NSObject+ObjectObserver.m */,
				E8F18BBA18E514DD00E94DC3 /* NSObject+Observation.h */,
				E8F18BBB18E514DD00E94DC3 /* NSObject+Observation.m */,
			);
			path = ALObserversAndBinders;
			sourceTree = "<group>";
		};
		E8F18BBC18E514DD00E94DC3 /* ALProperties */ = {
			isa = PBXGroup;
			children = (
				E8F18BBD18E514DD00E94DC3 /* NSObject+Properties.h */,
				E8F18BBE18E514DD00E94DC3 /* NSObject+Properties.m */,
			);
			path = ALProperties;
			sourceTree = "<group>";
		};
		E8F18BBF18E514DD00E94DC3 /* Categories */ = {
			isa = PBXGroup;
			children = (
				E8F18BC018E514DD00E94DC3 /* NSDate */,
				E8F18BD318E514DD00E94DC3 /* UIImage */,
				E8F18BD818E514DD00E94DC3 /* UIImageView */,
			);
			path = Categories;
			sourceTree = "<group>";
		};
		E8F18BC018E514DD00E94DC3 /* NSDate */ = {
			isa = PBXGroup;
			children = (
				E8F18BC118E514DD00E94DC3 /* Compare */,
				E8F18BC418E514DD00E94DC3 /* Component */,
				E8F18BC718E514DD00E94DC3 /* Date */,
				E8F18BD218E514DD00E94DC3 /* NSDateHelper.h */,
			);
			path = NSDate;
			sourceTree = "<group>";
		};
		E8F18BC118E514DD00E94DC3 /* Compare */ = {
			isa = PBXGroup;
			children = (
				E8F18BC218E514DD00E94DC3 /* NSDate+Compare.h */,
				E8F18BC318E514DD00E94DC3 /* NSDate+Compare.m */,
			);
			path = Compare;
			sourceTree = "<group>";
		};
		E8F18BC418E514DD00E94DC3 /* Component */ = {
			isa = PBXGroup;
			children = (
				E8F18BC518E514DD00E94DC3 /* NSDate+Components.h */,
				E8F18BC618E514DD00E94DC3 /* NSDate+Components.m */,
			);
			path = Component;
			sourceTree = "<group>";
		};
		E8F18BC718E514DD00E94DC3 /* Date */ = {
			isa = PBXGroup;
			children = (
				E8F18BC818E514DD00E94DC3 /* NSDate+Date.h */,
				E8F18BC918E514DD00E94DC3 /* NSDate+Date.m */,
				E8F18BCA18E514DD00E94DC3 /* NSDate+Day.h */,
				E8F18BCB18E514DD00E94DC3 /* NSDate+Day.m */,
				E8F18BCC18E514DD00E94DC3 /* NSDate+Month.h */,
				E8F18BCD18E514DD00E94DC3 /* NSDate+Month.m */,
				E8F18BCE18E514DD00E94DC3 /* NSDate+Week.h */,
				E8F18BCF18E514DD00E94DC3 /* NSDate+Week.m */,
				E8F18BD018E514DD00E94DC3 /* NSDate+Year.h */,
				E8F18BD118E514DD00E94DC3 /* NSDate+Year.m */,
			);
			path = Date;
			sourceTree = "<group>";
		};
		E8F18BD318E514DD00E94DC3 /* UIImage */ = {
			isa = PBXGroup;
			children = (
				E8F18BD418E514DD00E94DC3 /* UIImage+Crop.h */,
				E8F18BD518E514DD00E94DC3 /* UIImage+Crop.m */,
				E8F18BD618E514DD00E94DC3 /* UIImage+ImageEffects.h */,
				E8F18BD718E514DD00E94DC3 /* UIImage+ImageEffects.m */,
			);
			path = UIImage;
			sourceTree = "<group>";
		};
		E8F18BD818E514DD00E94DC3 /* UIImageView */ = {
			isa = PBXGroup;
			children = (
				E8F18BD918E514DD00E94DC3 /* UIImageView+Masking.h */,
				E8F18BDA18E514DD00E94DC3 /* UIImageView+Masking.m */,
			);
			path = UIImageView;
			sourceTree = "<group>";
		};
		E8F18BDB18E514DD00E94DC3 /* Convenience */ = {
			isa = PBXGroup;
			children = (
				E8F18BDC18E514DD00E94DC3 /* AFAPIClient */,
				E8F18BDF18E514DD00E94DC3 /* UIStoryboardSegue */,
			);
			path = Convenience;
			sourceTree = "<group>";
		};
		E8F18BDC18E514DD00E94DC3 /* AFAPIClient */ = {
			isa = PBXGroup;
			children = (
				E8F18BDD18E514DD00E94DC3 /* AFAPIClient.h */,
				E8F18BDE18E514DD00E94DC3 /* AFAPIClient.m */,
			);
			path = AFAPIClient;
			sourceTree = "<group>";
		};
		E8F18BDF18E514DD00E94DC3 /* UIStoryboardSegue */ = {
			isa = PBXGroup;
			children = (
				E8F18BE018E514DD00E94DC3 /* PureSegue.h */,
				E8F18BE118E514DD00E94DC3 /* PureSegue.m */,
			);
			path = UIStoryboardSegue;
			sourceTree = "<group>";
		};
		E8F18BFE18E5150800E94DC3 /* Const */ = {
			isa = PBXGroup;
			children = (
				E8F18C0018E5153300E94DC3 /* BaseConsts.h */,
				E8F18C0118E5153300E94DC3 /* BaseConsts.m */,
			);
			path = Const;
			sourceTree = "<group>";
		};
		E8F18BFF18E5150800E94DC3 /* Storyboard */ = {
			isa = PBXGroup;
			children = (
				E8F18C0318E5157600E94DC3 /* Main.storyboard */,
			);
			path = Storyboard;
			sourceTree = "<group>";
		};
		E8F18C0518E5158900E94DC3 /* Controller */ = {
			isa = PBXGroup;
			children = (
				E8F18C0918E5161F00E94DC3 /* Side */,
				E8F18C0618E5159E00E94DC3 /* BaseViewController.h */,
				E8F18C0718E5159E00E94DC3 /* BaseViewController.m */,
			);
			path = Controller;
			sourceTree = "<group>";
		};
		E8F18C0918E5161F00E94DC3 /* Side */ = {
			isa = PBXGroup;
			children = (
				E8F18C0A18E5163C00E94DC3 /* Component */,
				E8F18C0E18E5165000E94DC3 /* SideViewController.h */,
				E8F18C0F18E5165000E94DC3 /* SideViewController.m */,
			);
			path = Side;
			sourceTree = "<group>";
		};
		E8F18C0A18E5163C00E94DC3 /* Component */ = {
			isa = PBXGroup;
			children = (
				E8F18C0B18E5164000E94DC3 /* SideGestureDelegate.h */,
				E8F18C0C18E5164000E94DC3 /* SideGestureDelegate.m */,
			);
			path = Component;
			sourceTree = "<group>";
		};
		E8F18C1118E5171100E94DC3 /* UIKit+AFNetworking */ = {
			isa = PBXGroup;
			children = (
				E8F18C1218E5171100E94DC3 /* AFNetworkActivityIndicatorManager.h */,
				E8F18C1318E5171100E94DC3 /* AFNetworkActivityIndicatorManager.m */,
				E8F18C1418E5171100E94DC3 /* UIActivityIndicatorView+AFNetworking.h */,
				E8F18C1518E5171100E94DC3 /* UIActivityIndicatorView+AFNetworking.m */,
				E8F18C1618E5171100E94DC3 /* UIAlertView+AFNetworking.h */,
				E8F18C1718E5171100E94DC3 /* UIAlertView+AFNetworking.m */,
				E8F18C1818E5171100E94DC3 /* UIButton+AFNetworking.h */,
				E8F18C1918E5171100E94DC3 /* UIButton+AFNetworking.m */,
				E8F18C1A18E5171100E94DC3 /* UIImageView+AFNetworking.h */,
				E8F18C1B18E5171100E94DC3 /* UIImageView+AFNetworking.m */,
				E8F18C1C18E5171100E94DC3 /* UIKit+AFNetworking.h */,
				E8F18C1D18E5171100E94DC3 /* UIProgressView+AFNetworking.h */,
				E8F18C1E18E5171100E94DC3 /* UIProgressView+AFNetworking.m */,
				E8F18C1F18E5171100E94DC3 /* UIRefreshControl+AFNetworking.h */,
				E8F18C2018E5171100E94DC3 /* UIRefreshControl+AFNetworking.m */,
				E8F18C2118E5171100E94DC3 /* UIWebView+AFNetworking.h */,
				E8F18C2218E5171100E94DC3 /* UIWebView+AFNetworking.m */,
			);
			path = "UIKit+AFNetworking";
			sourceTree = "<group>";
		};
/* End PBXGroup section */

/* Begin PBXNativeTarget section */
		E8F18B5A18E5148200E94DC3 /* BaseProject */ = {
			isa = PBXNativeTarget;
			buildConfigurationList = E8F18B8D18E5148300E94DC3 /* Build configuration list for PBXNativeTarget "BaseProject" */;
			buildPhases = (
				E8F18B5718E5148200E94DC3 /* Sources */,
				E8F18B5818E5148200E94DC3 /* Frameworks */,
				E8F18B5918E5148200E94DC3 /* Resources */,
			);
			buildRules = (
			);
			dependencies = (
			);
			name = BaseProject;
			productName = BaseProject;
			productReference = E8F18B5B18E5148200E94DC3 /* BaseProject.app */;
			productType = "com.apple.product-type.application";
		};
		E8F18B7B18E5148300E94DC3 /* BaseProjectTests */ = {
			isa = PBXNativeTarget;
			buildConfigurationList = E8F18B9018E5148300E94DC3 /* Build configuration list for PBXNativeTarget "BaseProjectTests" */;
			buildPhases = (
				E8F18B7818E5148300E94DC3 /* Sources */,
				E8F18B7918E5148300E94DC3 /* Frameworks */,
				E8F18B7A18E5148300E94DC3 /* Resources */,
			);
			buildRules = (
			);
			dependencies = (
				E8F18B8218E5148300E94DC3 /* PBXTargetDependency */,
			);
			name = BaseProjectTests;
			productName = BaseProjectTests;
			productReference = E8F18B7C18E5148300E94DC3 /* BaseProjectTests.xctest */;
			productType = "com.apple.product-type.bundle.unit-test";
		};
/* End PBXNativeTarget section */

/* Begin PBXProject section */
		E8F18B5318E5148200E94DC3 /* Project object */ = {
			isa = PBXProject;
			attributes = {
				LastUpgradeCheck = 0510;
				ORGANIZATIONNAME = yanolja;
				TargetAttributes = {
					E8F18B7B18E5148300E94DC3 = {
						TestTargetID = E8F18B5A18E5148200E94DC3;
					};
				};
			};
			buildConfigurationList = E8F18B5618E5148200E94DC3 /* Build configuration list for PBXProject "BaseProject" */;
			compatibilityVersion = "Xcode 3.2";
			developmentRegion = English;
			hasScannedForEncodings = 0;
			knownRegions = (
				en,
				Base,
			);
			mainGroup = E8F18B5218E5148200E94DC3;
			productRefGroup = E8F18B5C18E5148200E94DC3 /* Products */;
			projectDirPath = "";
			projectRoot = "";
			targets = (
				E8F18B5A18E5148200E94DC3 /* BaseProject */,
				E8F18B7B18E5148300E94DC3 /* BaseProjectTests */,
			);
		};
/* End PBXProject section */

/* Begin PBXResourcesBuildPhase section */
		E8F18B5918E5148200E94DC3 /* Resources */ = {
			isa = PBXResourcesBuildPhase;
			buildActionMask = 2147483647;
			files = (
				E8F18C0418E5157600E94DC3 /* Main.storyboard in Resources */,
				E8F18B7718E5148300E94DC3 /* Images.xcassets in Resources */,
				E8F18B6918E5148200E94DC3 /* InfoPlist.strings in Resources */,
			);
			runOnlyForDeploymentPostprocessing = 0;
		};
		E8F18B7A18E5148300E94DC3 /* Resources */ = {
			isa = PBXResourcesBuildPhase;
			buildActionMask = 2147483647;
			files = (
				E8F18B8818E5148300E94DC3 /* InfoPlist.strings in Resources */,
			);
			runOnlyForDeploymentPostprocessing = 0;
		};
/* End PBXResourcesBuildPhase section */

/* Begin PBXSourcesBuildPhase section */
		E8F18B5718E5148200E94DC3 /* Sources */ = {
			isa = PBXSourcesBuildPhase;
			buildActionMask = 2147483647;
			files = (
				E8F18BE218E514DD00E94DC3 /* AFHTTPRequestOperation.m in Sources */,
				E8F18BF618E514DD00E94DC3 /* NSDate+Month.m in Sources */,
				E8F18BF118E514DD00E94DC3 /* NSObject+Properties.m in Sources */,
				E8F18BF418E514DD00E94DC3 /* NSDate+Date.m in Sources */,
				E8F18BED18E514DD00E94DC3 /* ALObservationObject.m in Sources */,
				E8F18BFB18E514DD00E94DC3 /* UIImageView+Masking.m in Sources */,
				E8F18C2A18E5171100E94DC3 /* UIWebView+AFNetworking.m in Sources */,
				E8F18B9618E514C500E94DC3 /* SuperModel.m in Sources */,
				E8F18BE318E514DD00E94DC3 /* AFHTTPRequestOperationManager.m in Sources */,
				E8F18C2918E5171100E94DC3 /* UIRefreshControl+AFNetworking.m in Sources */,
				E8F18C2318E5171100E94DC3 /* AFNetworkActivityIndicatorManager.m in Sources */,
				E8F18BF818E514DD00E94DC3 /* NSDate+Year.m in Sources */,
				E8F18BE518E514DD00E94DC3 /* AFNetworkReachabilityManager.m in Sources */,
				E8F18C2718E5171100E94DC3 /* UIImageView+AFNetworking.m in Sources */,
				E8F18C2618E5171100E94DC3 /* UIButton+AFNetworking.m in Sources */,
				E8F18C2418E5171100E94DC3 /* UIActivityIndicatorView+AFNetworking.m in Sources */,
				E8F18BF918E514DD00E94DC3 /* UIImage+Crop.m in Sources */,
				E8F18BE918E514DD00E94DC3 /* AFURLResponseSerialization.m in Sources */,
				E8F18BF518E514DD00E94DC3 /* NSDate+Day.m in Sources */,
				E8F18C0818E5159E00E94DC3 /* BaseViewController.m in Sources */,
				E8F18C2818E5171100E94DC3 /* UIProgressView+AFNetworking.m in Sources */,
				E8F18BE718E514DD00E94DC3 /* AFURLConnectionOperation.m in Sources */,
				E8F18C0D18E5164000E94DC3 /* SideGestureDelegate.m in Sources */,
				E8F18BE618E514DD00E94DC3 /* AFSecurityPolicy.m in Sources */,
				E8F18BEE18E514DD00E94DC3 /* NSObject+ObjectBinding.m in Sources */,
				E8F18BE418E514DD00E94DC3 /* AFHTTPSessionManager.m in Sources */,
				E8F18BFA18E514DD00E94DC3 /* UIImage+ImageEffects.m in Sources */,
				E8F18C2518E5171100E94DC3 /* UIAlertView+AFNetworking.m in Sources */,
				E8F18C1018E5165000E94DC3 /* SideViewController.m in Sources */,
				E8F18BF718E514DD00E94DC3 /* NSDate+Week.m in Sources */,
				E8F18BF318E514DD00E94DC3 /* NSDate+Components.m in Sources */,
				E8F18BFD18E514DD00E94DC3 /* PureSegue.m in Sources */,
				E8F18BEB18E514DD00E94DC3 /* ALModelManager.m in Sources */,
				E8F18BF218E514DD00E94DC3 /* NSDate+Compare.m in Sources */,
				E8F18BFC18E514DD00E94DC3 /* AFAPIClient.m in Sources */,
				E8F18BEC18E514DD00E94DC3 /* NSMutableArray+KVONotifications.m in Sources */,
				E8F18BE818E514DD00E94DC3 /* AFURLRequestSerialization.m in Sources */,
				E8F18BEA18E514DD00E94DC3 /* AFURLSessionManager.m in Sources */,
				E8F18BEF18E514DD00E94DC3 /* NSObject+ObjectObserver.m in Sources */,
				E8F18C0218E5153300E94DC3 /* BaseConsts.m in Sources */,
				E8F18B6F18E5148300E94DC3 /* AppDelegate.m in Sources */,
				E8F18BF018E514DD00E94DC3 /* NSObject+Observation.m in Sources */,
				E8F18B6B18E5148300E94DC3 /* main.m in Sources */,
			);
			runOnlyForDeploymentPostprocessing = 0;
		};
		E8F18B7818E5148300E94DC3 /* Sources */ = {
			isa = PBXSourcesBuildPhase;
			buildActionMask = 2147483647;
			files = (
				E8F18B8A18E5148300E94DC3 /* BaseProjectTests.m in Sources */,
			);
			runOnlyForDeploymentPostprocessing = 0;
		};
/* End PBXSourcesBuildPhase section */

/* Begin PBXTargetDependency section */
		E8F18B8218E5148300E94DC3 /* PBXTargetDependency */ = {
			isa = PBXTargetDependency;
			target = E8F18B5A18E5148200E94DC3 /* BaseProject */;
			targetProxy = E8F18B8118E5148300E94DC3 /* PBXContainerItemProxy */;
		};
/* End PBXTargetDependency section */

/* Begin PBXVariantGroup section */
		E8F18B6718E5148200E94DC3 /* InfoPlist.strings */ = {
			isa = PBXVariantGroup;
			children = (
				E8F18B6818E5148200E94DC3 /* en */,
			);
			name = InfoPlist.strings;
			sourceTree = "<group>";
		};
		E8F18B8618E5148300E94DC3 /* InfoPlist.strings */ = {
			isa = PBXVariantGroup;
			children = (
				E8F18B8718E5148300E94DC3 /* en */,
			);
			name = InfoPlist.strings;
			sourceTree = "<group>";
		};
/* End PBXVariantGroup section */

/* Begin XCBuildConfiguration section */
		E8F18B8B18E5148300E94DC3 /* Debug */ = {
			isa = XCBuildConfiguration;
			buildSettings = {
				ALWAYS_SEARCH_USER_PATHS = NO;
				CLANG_CXX_LANGUAGE_STANDARD = "gnu++0x";
				CLANG_CXX_LIBRARY = "libc++";
				CLANG_ENABLE_MODULES = YES;
				CLANG_ENABLE_OBJC_ARC = YES;
				CLANG_WARN_BOOL_CONVERSION = YES;
				CLANG_WARN_CONSTANT_CONVERSION = YES;
				CLANG_WARN_DIRECT_OBJC_ISA_USAGE = YES_ERROR;
				CLANG_WARN_EMPTY_BODY = YES;
				CLANG_WARN_ENUM_CONVERSION = YES;
				CLANG_WARN_INT_CONVERSION = YES;
				CLANG_WARN_OBJC_ROOT_CLASS = YES_ERROR;
				CLANG_WARN__DUPLICATE_METHOD_MATCH = YES;
				"CODE_SIGN_IDENTITY[sdk=iphoneos*]" = "iPhone Developer";
				COPY_PHASE_STRIP = NO;
				GCC_C_LANGUAGE_STANDARD = gnu99;
				GCC_DYNAMIC_NO_PIC = NO;
				GCC_OPTIMIZATION_LEVEL = 0;
				GCC_PREPROCESSOR_DEFINITIONS = (
					"DEBUG=1",
					"$(inherited)",
				);
				GCC_SYMBOLS_PRIVATE_EXTERN = NO;
				GCC_WARN_64_TO_32_BIT_CONVERSION = YES;
				GCC_WARN_ABOUT_RETURN_TYPE = YES_ERROR;
				GCC_WARN_UNDECLARED_SELECTOR = YES;
				GCC_WARN_UNINITIALIZED_AUTOS = YES_AGGRESSIVE;
				GCC_WARN_UNUSED_FUNCTION = YES;
				GCC_WARN_UNUSED_VARIABLE = YES;
				IPHONEOS_DEPLOYMENT_TARGET = 7.1;
				ONLY_ACTIVE_ARCH = YES;
				SDKROOT = iphoneos;
			};
			name = Debug;
		};
		E8F18B8C18E5148300E94DC3 /* Release */ = {
			isa = XCBuildConfiguration;
			buildSettings = {
				ALWAYS_SEARCH_USER_PATHS = NO;
				CLANG_CXX_LANGUAGE_STANDARD = "gnu++0x";
				CLANG_CXX_LIBRARY = "libc++";
				CLANG_ENABLE_MODULES = YES;
				CLANG_ENABLE_OBJC_ARC = YES;
				CLANG_WARN_BOOL_CONVERSION = YES;
				CLANG_WARN_CONSTANT_CONVERSION = YES;
				CLANG_WARN_DIRECT_OBJC_ISA_USAGE = YES_ERROR;
				CLANG_WARN_EMPTY_BODY = YES;
				CLANG_WARN_ENUM_CONVERSION = YES;
				CLANG_WARN_INT_CONVERSION = YES;
				CLANG_WARN_OBJC_ROOT_CLASS = YES_ERROR;
				CLANG_WARN__DUPLICATE_METHOD_MATCH = YES;
				"CODE_SIGN_IDENTITY[sdk=iphoneos*]" = "iPhone Developer";
				COPY_PHASE_STRIP = YES;
				ENABLE_NS_ASSERTIONS = NO;
				GCC_C_LANGUAGE_STANDARD = gnu99;
				GCC_WARN_64_TO_32_BIT_CONVERSION = YES;
				GCC_WARN_ABOUT_RETURN_TYPE = YES_ERROR;
				GCC_WARN_UNDECLARED_SELECTOR = YES;
				GCC_WARN_UNINITIALIZED_AUTOS = YES_AGGRESSIVE;
				GCC_WARN_UNUSED_FUNCTION = YES;
				GCC_WARN_UNUSED_VARIABLE = YES;
				IPHONEOS_DEPLOYMENT_TARGET = 7.1;
				SDKROOT = iphoneos;
				VALIDATE_PRODUCT = YES;
			};
			name = Release;
		};
		E8F18B8E18E5148300E94DC3 /* Debug */ = {
			isa = XCBuildConfiguration;
			buildSettings = {
				ASSETCATALOG_COMPILER_APPICON_NAME = AppIcon;
				ASSETCATALOG_COMPILER_LAUNCHIMAGE_NAME = LaunchImage;
				GCC_PRECOMPILE_PREFIX_HEADER = YES;
				GCC_PREFIX_HEADER = "BaseProject/BaseProject-Prefix.pch";
				INFOPLIST_FILE = "BaseProject/BaseProject-Info.plist";
				PRODUCT_NAME = "$(TARGET_NAME)";
				WRAPPER_EXTENSION = app;
			};
			name = Debug;
		};
		E8F18B8F18E5148300E94DC3 /* Release */ = {
			isa = XCBuildConfiguration;
			buildSettings = {
				ASSETCATALOG_COMPILER_APPICON_NAME = AppIcon;
				ASSETCATALOG_COMPILER_LAUNCHIMAGE_NAME = LaunchImage;
				GCC_PRECOMPILE_PREFIX_HEADER = YES;
				GCC_PREFIX_HEADER = "BaseProject/BaseProject-Prefix.pch";
				INFOPLIST_FILE = "BaseProject/BaseProject-Info.plist";
				PRODUCT_NAME = "$(TARGET_NAME)";
				WRAPPER_EXTENSION = app;
			};
			name = Release;
		};
		E8F18B9118E5148300E94DC3 /* Debug */ = {
			isa = XCBuildConfiguration;
			buildSettings = {
				BUNDLE_LOADER = "$(BUILT_PRODUCTS_DIR)/BaseProject.app/BaseProject";
				FRAMEWORK_SEARCH_PATHS = (
					"$(SDKROOT)/Developer/Library/Frameworks",
					"$(inherited)",
					"$(DEVELOPER_FRAMEWORKS_DIR)",
				);
				GCC_PRECOMPILE_PREFIX_HEADER = YES;
				GCC_PREFIX_HEADER = "BaseProject/BaseProject-Prefix.pch";
				GCC_PREPROCESSOR_DEFINITIONS = (
					"DEBUG=1",
					"$(inherited)",
				);
				INFOPLIST_FILE = "BaseProjectTests/BaseProjectTests-Info.plist";
				PRODUCT_NAME = "$(TARGET_NAME)";
				TEST_HOST = "$(BUNDLE_LOADER)";
				WRAPPER_EXTENSION = xctest;
			};
			name = Debug;
		};
		E8F18B9218E5148300E94DC3 /* Release */ = {
			isa = XCBuildConfiguration;
			buildSettings = {
				BUNDLE_LOADER = "$(BUILT_PRODUCTS_DIR)/BaseProject.app/BaseProject";
				FRAMEWORK_SEARCH_PATHS = (
					"$(SDKROOT)/Developer/Library/Frameworks",
					"$(inherited)",
					"$(DEVELOPER_FRAMEWORKS_DIR)",
				);
				GCC_PRECOMPILE_PREFIX_HEADER = YES;
				GCC_PREFIX_HEADER = "BaseProject/BaseProject-Prefix.pch";
				INFOPLIST_FILE = "BaseProjectTests/BaseProjectTests-Info.plist";
				PRODUCT_NAME = "$(TARGET_NAME)";
				TEST_HOST = "$(BUNDLE_LOADER)";
				WRAPPER_EXTENSION = xctest;
			};
			name = Release;
		};
/* End XCBuildConfiguration section */

/* Begin XCConfigurationList section */
		E8F18B5618E5148200E94DC3 /* Build configuration list for PBXProject "BaseProject" */ = {
			isa = XCConfigurationList;
			buildConfigurations = (
				E8F18B8B18E5148300E94DC3 /* Debug */,
				E8F18B8C18E5148300E94DC3 /* Release */,
			);
			defaultConfigurationIsVisible = 0;
			defaultConfigurationName = Release;
		};
		E8F18B8D18E5148300E94DC3 /* Build configuration list for PBXNativeTarget "BaseProject" */ = {
			isa = XCConfigurationList;
			buildConfigurations = (
				E8F18B8E18E5148300E94DC3 /* Debug */,
				E8F18B8F18E5148300E94DC3 /* Release */,
			);
			defaultConfigurationIsVisible = 0;
		};
		E8F18B9018E5148300E94DC3 /* Build configuration list for PBXNativeTarget "BaseProjectTests" */ = {
			isa = XCConfigurationList;
			buildConfigurations = (
				E8F18B9118E5148300E94DC3 /* Debug */,
				E8F18B9218E5148300E94DC3 /* Release */,
			);
			defaultConfigurationIsVisible = 0;
		};
/* End XCConfigurationList section */
	};
	rootObject = E8F18B5318E5148200E94DC3 /* Project object */;
}
